// !$*UTF8*$!
{
	archiveVersion = 1;
	classes = {
	};
	objectVersion = 48;
	objects = {

/* Begin PBXBuildFile section */
		7FA87A6E20207F2100E122F4 /* AppDelegate.swift in Sources */ = {isa = PBXBuildFile; fileRef = 7FA87A6D20207F2100E122F4 /* AppDelegate.swift */; };
		7FA87A7020207F2100E122F4 /* ViewController.swift in Sources */ = {isa = PBXBuildFile; fileRef = 7FA87A6F20207F2100E122F4 /* ViewController.swift */; };
		7FA87A7320207F2200E122F4 /* Main.storyboard in Resources */ = {isa = PBXBuildFile; fileRef = 7FA87A7120207F2200E122F4 /* Main.storyboard */; };
		7FA87A7520207F2200E122F4 /* Assets.xcassets in Resources */ = {isa = PBXBuildFile; fileRef = 7FA87A7420207F2200E122F4 /* Assets.xcassets */; };
		7FA87A7820207F2200E122F4 /* LaunchScreen.storyboard in Resources */ = {isa = PBXBuildFile; fileRef = 7FA87A7620207F2200E122F4 /* LaunchScreen.storyboard */; };
		7FA87A802020817000E122F4 /* MarkVC.swift in Sources */ = {isa = PBXBuildFile; fileRef = 7FA87A7F2020817000E122F4 /* MarkVC.swift */; };
		7FF37D932021338A007293E8 /* SelectVC.swift in Sources */ = {isa = PBXBuildFile; fileRef = 7FF37D922021338A007293E8 /* SelectVC.swift */; };
		FDDEF7560930555F4365B04A /* Pods_Wirtualna_Uczelnia.framework in Frameworks */ = {isa = PBXBuildFile; fileRef = 15EF978B67B34D618BD5527E /* Pods_Wirtualna_Uczelnia.framework */; };
/* End PBXBuildFile section */

/* Begin PBXFileReference section */
		15EF978B67B34D618BD5527E /* Pods_Wirtualna_Uczelnia.framework */ = {isa = PBXFileReference; explicitFileType = wrapper.framework; includeInIndex = 0; path = Pods_Wirtualna_Uczelnia.framework; sourceTree = BUILT_PRODUCTS_DIR; };
		2CC542AF1ABB48D8DB8CC580 /* Pods-Wirtualna Uczelnia.debug.xcconfig */ = {isa = PBXFileReference; includeInIndex = 1; lastKnownFileType = text.xcconfig; name = "Pods-Wirtualna Uczelnia.debug.xcconfig"; path = "Pods/Target Support Files/Pods-Wirtualna Uczelnia/Pods-Wirtualna Uczelnia.debug.xcconfig"; sourceTree = "<group>"; };
		6EDA4ADDBEF4D4773CEC6C4A /* Pods-Wirtualna Uczelnia.release.xcconfig */ = {isa = PBXFileReference; includeInIndex = 1; lastKnownFileType = text.xcconfig; name = "Pods-Wirtualna Uczelnia.release.xcconfig"; path = "Pods/Target Support Files/Pods-Wirtualna Uczelnia/Pods-Wirtualna Uczelnia.release.xcconfig"; sourceTree = "<group>"; };
		7FA87A6A20207F2100E122F4 /* Wirtualna Uczelnia.app */ = {isa = PBXFileReference; explicitFileType = wrapper.application; includeInIndex = 0; path = "Wirtualna Uczelnia.app"; sourceTree = BUILT_PRODUCTS_DIR; };
		7FA87A6D20207F2100E122F4 /* AppDelegate.swift */ = {isa = PBXFileReference; lastKnownFileType = sourcecode.swift; path = AppDelegate.swift; sourceTree = "<group>"; };
		7FA87A6F20207F2100E122F4 /* ViewController.swift */ = {isa = PBXFileReference; lastKnownFileType = sourcecode.swift; path = ViewController.swift; sourceTree = "<group>"; };
		7FA87A7220207F2200E122F4 /* Base */ = {isa = PBXFileReference; lastKnownFileType = file.storyboard; name = Base; path = Base.lproj/Main.storyboard; sourceTree = "<group>"; };
		7FA87A7420207F2200E122F4 /* Assets.xcassets */ = {isa = PBXFileReference; lastKnownFileType = folder.assetcatalog; path = Assets.xcassets; sourceTree = "<group>"; };
		7FA87A7720207F2200E122F4 /* Base */ = {isa = PBXFileReference; lastKnownFileType = file.storyboard; name = Base; path = Base.lproj/LaunchScreen.storyboard; sourceTree = "<group>"; };
		7FA87A7920207F2200E122F4 /* Info.plist */ = {isa = PBXFileReference; lastKnownFileType = text.plist.xml; path = Info.plist; sourceTree = "<group>"; };
		7FA87A7F2020817000E122F4 /* MarkVC.swift */ = {isa = PBXFileReference; lastKnownFileType = sourcecode.swift; path = MarkVC.swift; sourceTree = "<group>"; };
		7FF37D922021338A007293E8 /* SelectVC.swift */ = {isa = PBXFileReference; lastKnownFileType = sourcecode.swift; path = SelectVC.swift; sourceTree = "<group>"; };
/* End PBXFileReference section */

/* Begin PBXFrameworksBuildPhase section */
		7FA87A6720207F2100E122F4 /* Frameworks */ = {
			isa = PBXFrameworksBuildPhase;
			buildActionMask = 2147483647;
			files = (
				FDDEF7560930555F4365B04A /* Pods_Wirtualna_Uczelnia.framework in Frameworks */,
			);
			runOnlyForDeploymentPostprocessing = 0;
		};
/* End PBXFrameworksBuildPhase section */

/* Begin PBXGroup section */
		7FA87A6120207F2100E122F4 = {
			isa = PBXGroup;
			children = (
				7FA87A6C20207F2100E122F4 /* Wirtualna Uczelnia */,
				7FA87A6B20207F2100E122F4 /* Products */,
				8412FCEAB28E0C9A416C1B90 /* Pods */,
				B2F6D229D67C179575C9C1A7 /* Frameworks */,
			);
			sourceTree = "<group>";
		};
		7FA87A6B20207F2100E122F4 /* Products */ = {
			isa = PBXGroup;
			children = (
				7FA87A6A20207F2100E122F4 /* Wirtualna Uczelnia.app */,
			);
			name = Products;
			sourceTree = "<group>";
		};
		7FA87A6C20207F2100E122F4 /* Wirtualna Uczelnia */ = {
			isa = PBXGroup;
			children = (
				7FA87A6D20207F2100E122F4 /* AppDelegate.swift */,
				7FA87A6F20207F2100E122F4 /* ViewController.swift */,
				7FA87A7F2020817000E122F4 /* MarkVC.swift */,
				7FA87A7120207F2200E122F4 /* Main.storyboard */,
				7FA87A7420207F2200E122F4 /* Assets.xcassets */,
				7FA87A7620207F2200E122F4 /* LaunchScreen.storyboard */,
				7FA87A7920207F2200E122F4 /* Info.plist */,
				7FF37D922021338A007293E8 /* SelectVC.swift */,
			);
			path = "Wirtualna Uczelnia";
			sourceTree = "<group>";
		};
		8412FCEAB28E0C9A416C1B90 /* Pods */ = {
			isa = PBXGroup;
			children = (
				2CC542AF1ABB48D8DB8CC580 /* Pods-Wirtualna Uczelnia.debug.xcconfig */,
				6EDA4ADDBEF4D4773CEC6C4A /* Pods-Wirtualna Uczelnia.release.xcconfig */,
			);
			name = Pods;
			sourceTree = "<group>";
		};
		B2F6D229D67C179575C9C1A7 /* Frameworks */ = {
			isa = PBXGroup;
			children = (
				15EF978B67B34D618BD5527E /* Pods_Wirtualna_Uczelnia.framework */,
			);
			name = Frameworks;
			sourceTree = "<group>";
		};
/* End PBXGroup section */

/* Begin PBXNativeTarget section */
		7FA87A6920207F2100E122F4 /* Wirtualna Uczelnia */ = {
			isa = PBXNativeTarget;
			buildConfigurationList = 7FA87A7C20207F2200E122F4 /* Build configuration list for PBXNativeTarget "Wirtualna Uczelnia" */;
			buildPhases = (
				D65FECD0C940A06CA08AB6B1 /* [CP] Check Pods Manifest.lock */,
				7FA87A6620207F2100E122F4 /* Sources */,
				7FA87A6720207F2100E122F4 /* Frameworks */,
				7FA87A6820207F2100E122F4 /* Resources */,
				F3EAB465BB9715D61872F330 /* [CP] Embed Pods Frameworks */,
				4BF033EF031830CCCA782A01 /* [CP] Copy Pods Resources */,
			);
			buildRules = (
			);
			dependencies = (
			);
			name = "Wirtualna Uczelnia";
			productName = "Wirtualna Uczelnia";
			productReference = 7FA87A6A20207F2100E122F4 /* Wirtualna Uczelnia.app */;
			productType = "com.apple.product-type.application";
		};
/* End PBXNativeTarget section */

/* Begin PBXProject section */
		7FA87A6220207F2100E122F4 /* Project object */ = {
			isa = PBXProject;
			attributes = {
				LastSwiftUpdateCheck = 0920;
				LastUpgradeCheck = 0920;
				ORGANIZATIONNAME = "Karol Zmyslowski";
				TargetAttributes = {
					7FA87A6920207F2100E122F4 = {
						CreatedOnToolsVersion = 9.2;
						ProvisioningStyle = Automatic;
					};
				};
			};
			buildConfigurationList = 7FA87A6520207F2100E122F4 /* Build configuration list for PBXProject "Wirtualna Uczelnia" */;
			compatibilityVersion = "Xcode 8.0";
			developmentRegion = en;
			hasScannedForEncodings = 0;
			knownRegions = (
				en,
				Base,
			);
			mainGroup = 7FA87A6120207F2100E122F4;
			productRefGroup = 7FA87A6B20207F2100E122F4 /* Products */;
			projectDirPath = "";
			projectRoot = "";
			targets = (
				7FA87A6920207F2100E122F4 /* Wirtualna Uczelnia */,
			);
		};
/* End PBXProject section */

/* Begin PBXResourcesBuildPhase section */
		7FA87A6820207F2100E122F4 /* Resources */ = {
			isa = PBXResourcesBuildPhase;
			buildActionMask = 2147483647;
			files = (
				7FA87A7820207F2200E122F4 /* LaunchScreen.storyboard in Resources */,
				7FA87A7520207F2200E122F4 /* Assets.xcassets in Resources */,
				7FA87A7320207F2200E122F4 /* Main.storyboard in Resources */,
			);
			runOnlyForDeploymentPostprocessing = 0;
		};
/* End PBXResourcesBuildPhase section */

/* Begin PBXShellScriptBuildPhase section */
		4BF033EF031830CCCA782A01 /* [CP] Copy Pods Resources */ = {
			isa = PBXShellScriptBuildPhase;
			buildActionMask = 2147483647;
			files = (
			);
			inputPaths = (
			);
			name = "[CP] Copy Pods Resources";
			outputPaths = (
			);
			runOnlyForDeploymentPostprocessing = 0;
			shellPath = /bin/sh;
			shellScript = "\"${SRCROOT}/Pods/Target Support Files/Pods-Wirtualna Uczelnia/Pods-Wirtualna Uczelnia-resources.sh\"\n";
			showEnvVarsInLog = 0;
		};
		D65FECD0C940A06CA08AB6B1 /* [CP] Check Pods Manifest.lock */ = {
			isa = PBXShellScriptBuildPhase;
			buildActionMask = 2147483647;
			files = (
			);
			inputPaths = (
				"${PODS_PODFILE_DIR_PATH}/Podfile.lock",
				"${PODS_ROOT}/Manifest.lock",
			);
			name = "[CP] Check Pods Manifest.lock";
			outputPaths = (
				"$(DERIVED_FILE_DIR)/Pods-Wirtualna Uczelnia-checkManifestLockResult.txt",
			);
			runOnlyForDeploymentPostprocessing = 0;
			shellPath = /bin/sh;
			shellScript = "diff \"${PODS_PODFILE_DIR_PATH}/Podfile.lock\" \"${PODS_ROOT}/Manifest.lock\" > /dev/null\nif [ $? != 0 ] ; then\n    # print error to STDERR\n    echo \"error: The sandbox is not in sync with the Podfile.lock. Run 'pod install' or update your CocoaPods installation.\" >&2\n    exit 1\nfi\n# This output is used by Xcode 'outputs' to avoid re-running this script phase.\necho \"SUCCESS\" > \"${SCRIPT_OUTPUT_FILE_0}\"\n";
			showEnvVarsInLog = 0;
		};
		F3EAB465BB9715D61872F330 /* [CP] Embed Pods Frameworks */ = {
			isa = PBXShellScriptBuildPhase;
			buildActionMask = 2147483647;
			files = (
			);
			inputPaths = (
				"${SRCROOT}/Pods/Target Support Files/Pods-Wirtualna Uczelnia/Pods-Wirtualna Uczelnia-frameworks.sh",
				"${BUILT_PRODUCTS_DIR}/SwiftSoup/SwiftSoup.framework",
			);
			name = "[CP] Embed Pods Frameworks";
			outputPaths = (
				"${TARGET_BUILD_DIR}/${FRAMEWORKS_FOLDER_PATH}/SwiftSoup.framework",
			);
			runOnlyForDeploymentPostprocessing = 0;
			shellPath = /bin/sh;
			shellScript = "\"${SRCROOT}/Pods/Target Support Files/Pods-Wirtualna Uczelnia/Pods-Wirtualna Uczelnia-frameworks.sh\"\n";
			showEnvVarsInLog = 0;
		};
/* End PBXShellScriptBuildPhase section */

/* Begin PBXSourcesBuildPhase section */
		7FA87A6620207F2100E122F4 /* Sources */ = {
			isa = PBXSourcesBuildPhase;
			buildActionMask = 2147483647;
			files = (
				7FA87A802020817000E122F4 /* MarkVC.swift in Sources */,
				7FA87A7020207F2100E122F4 /* ViewController.swift in Sources */,
				7FF37D932021338A007293E8 /* SelectVC.swift in Sources */,
				7FA87A6E20207F2100E122F4 /* AppDelegate.swift in Sources */,
			);
			runOnlyForDeploymentPostprocessing = 0;
		};
/* End PBXSourcesBuildPhase section */

/* Begin PBXVariantGroup section */
		7FA87A7120207F2200E122F4 /* Main.storyboard */ = {
			isa = PBXVariantGroup;
			children = (
				7FA87A7220207F2200E122F4 /* Base */,
			);
			name = Main.storyboard;
			sourceTree = "<group>";
		};
		7FA87A7620207F2200E122F4 /* LaunchScreen.storyboard */ = {
			isa = PBXVariantGroup;
			children = (
				7FA87A7720207F2200E122F4 /* Base */,
			);
			name = LaunchScreen.storyboard;
			sourceTree = "<group>";
		};
/* End PBXVariantGroup section */

/* Begin XCBuildConfiguration section */
		7FA87A7A20207F2200E122F4 /* Debug */ = {
			isa = XCBuildConfiguration;
			buildSettings = {
				ALWAYS_SEARCH_USER_PATHS = NO;
				CLANG_ANALYZER_NONNULL = YES;
				CLANG_ANALYZER_NUMBER_OBJECT_CONVERSION = YES_AGGRESSIVE;
				CLANG_CXX_LANGUAGE_STANDARD = "gnu++14";
				CLANG_CXX_LIBRARY = "libc++";
				CLANG_ENABLE_MODULES = YES;
				CLANG_ENABLE_OBJC_ARC = YES;
				CLANG_WARN_BLOCK_CAPTURE_AUTORELEASING = YES;
				CLANG_WARN_BOOL_CONVERSION = YES;
				CLANG_WARN_COMMA = YES;
				CLANG_WARN_CONSTANT_CONVERSION = YES;
				CLANG_WARN_DIRECT_OBJC_ISA_USAGE = YES_ERROR;
				CLANG_WARN_DOCUMENTATION_COMMENTS = YES;
				CLANG_WARN_EMPTY_BODY = YES;
				CLANG_WARN_ENUM_CONVERSION = YES;
				CLANG_WARN_INFINITE_RECURSION = YES;
				CLANG_WARN_INT_CONVERSION = YES;
				CLANG_WARN_NON_LITERAL_NULL_CONVERSION = YES;
				CLANG_WARN_OBJC_LITERAL_CONVERSION = YES;
				CLANG_WARN_OBJC_ROOT_CLASS = YES_ERROR;
				CLANG_WARN_RANGE_LOOP_ANALYSIS = YES;
				CLANG_WARN_STRICT_PROTOTYPES = YES;
				CLANG_WARN_SUSPICIOUS_MOVE = YES;
				CLANG_WARN_UNGUARDED_AVAILABILITY = YES_AGGRESSIVE;
				CLANG_WARN_UNREACHABLE_CODE = YES;
				CLANG_WARN__DUPLICATE_METHOD_MATCH = YES;
				CODE_SIGN_IDENTITY = "iPhone Developer";
				COPY_PHASE_STRIP = NO;
				DEBUG_INFORMATION_FORMAT = dwarf;
				ENABLE_STRICT_OBJC_MSGSEND = YES;
				ENABLE_TESTABILITY = YES;
				GCC_C_LANGUAGE_STANDARD = gnu11;
				GCC_DYNAMIC_NO_PIC = NO;
				GCC_NO_COMMON_BLOCKS = YES;
				GCC_OPTIMIZATION_LEVEL = 0;
				GCC_PREPROCESSOR_DEFINITIONS = (
					"DEBUG=1",
					"$(inherited)",
				);
				GCC_WARN_64_TO_32_BIT_CONVERSION = YES;
				GCC_WARN_ABOUT_RETURN_TYPE = YES_ERROR;
				GCC_WARN_UNDECLARED_SELECTOR = YES;
				GCC_WARN_UNINITIALIZED_AUTOS = YES_AGGRESSIVE;
				GCC_WARN_UNUSED_FUNCTION = YES;
				GCC_WARN_UNUSED_VARIABLE = YES;
				IPHONEOS_DEPLOYMENT_TARGET = 11.2;
				MTL_ENABLE_DEBUG_INFO = YES;
				ONLY_ACTIVE_ARCH = YES;
				SDKROOT = iphoneos;
				SWIFT_ACTIVE_COMPILATION_CONDITIONS = DEBUG;
				SWIFT_OPTIMIZATION_LEVEL = "-Onone";
			};
			name = Debug;
		};
		7FA87A7B20207F2200E122F4 /* Release */ = {
			isa = XCBuildConfiguration;
			buildSettings = {
				ALWAYS_SEARCH_USER_PATHS = NO;
				CLANG_ANALYZER_NONNULL = YES;
				CLANG_ANALYZER_NUMBER_OBJECT_CONVERSION = YES_AGGRESSIVE;
				CLANG_CXX_LANGUAGE_STANDARD = "gnu++14";
				CLANG_CXX_LIBRARY = "libc++";
				CLANG_ENABLE_MODULES = YES;
				CLANG_ENABLE_OBJC_ARC = YES;
				CLANG_WARN_BLOCK_CAPTURE_AUTORELEASING = YES;
				CLANG_WARN_BOOL_CONVERSION = YES;
				CLANG_WARN_COMMA = YES;
				CLANG_WARN_CONSTANT_CONVERSION = YES;
				CLANG_WARN_DIRECT_OBJC_ISA_USAGE = YES_ERROR;
				CLANG_WARN_DOCUMENTATION_COMMENTS = YES;
				CLANG_WARN_EMPTY_BODY = YES;
				CLANG_WARN_ENUM_CONVERSION = YES;
				CLANG_WARN_INFINITE_RECURSION = YES;
				CLANG_WARN_INT_CONVERSION = YES;
				CLANG_WARN_NON_LITERAL_NULL_CONVERSION = YES;
				CLANG_WARN_OBJC_LITERAL_CONVERSION = YES;
				CLANG_WARN_OBJC_ROOT_CLASS = YES_ERROR;
				CLANG_WARN_RANGE_LOOP_ANALYSIS = YES;
				CLANG_WARN_STRICT_PROTOTYPES = YES;
				CLANG_WARN_SUSPICIOUS_MOVE = YES;
				CLANG_WARN_UNGUARDED_AVAILABILITY = YES_AGGRESSIVE;
				CLANG_WARN_UNREACHABLE_CODE = YES;
				CLANG_WARN__DUPLICATE_METHOD_MATCH = YES;
				CODE_SIGN_IDENTITY = "iPhone Developer";
				COPY_PHASE_STRIP = NO;
				DEBUG_INFORMATION_FORMAT = "dwarf-with-dsym";
				ENABLE_NS_ASSERTIONS = NO;
				ENABLE_STRICT_OBJC_MSGSEND = YES;
				GCC_C_LANGUAGE_STANDARD = gnu11;
				GCC_NO_COMMON_BLOCKS = YES;
				GCC_WARN_64_TO_32_BIT_CONVERSION = YES;
				GCC_WARN_ABOUT_RETURN_TYPE = YES_ERROR;
				GCC_WARN_UNDECLARED_SELECTOR = YES;
				GCC_WARN_UNINITIALIZED_AUTOS = YES_AGGRESSIVE;
				GCC_WARN_UNUSED_FUNCTION = YES;
				GCC_WARN_UNUSED_VARIABLE = YES;
				IPHONEOS_DEPLOYMENT_TARGET = 11.2;
				MTL_ENABLE_DEBUG_INFO = NO;
				SDKROOT = iphoneos;
				SWIFT_OPTIMIZATION_LEVEL = "-Owholemodule";
				VALIDATE_PRODUCT = YES;
			};
			name = Release;
		};
		7FA87A7D20207F2200E122F4 /* Debug */ = {
			isa = XCBuildConfiguration;
			baseConfigurationReference = 2CC542AF1ABB48D8DB8CC580 /* Pods-Wirtualna Uczelnia.debug.xcconfig */;
			buildSettings = {
				ASSETCATALOG_COMPILER_APPICON_NAME = AppIcon;
				CODE_SIGN_STYLE = Automatic;
				DEVELOPMENT_TEAM = R2X43E6VD5;
				INFOPLIST_FILE = "Wirtualna Uczelnia/Info.plist";
				LD_RUNPATH_SEARCH_PATHS = "$(inherited) @executable_path/Frameworks";
				PRODUCT_BUNDLE_IDENTIFIER = "karolZmyslowski.Wirtualna-Uczelnia";
				PRODUCT_NAME = "$(TARGET_NAME)";
				SWIFT_VERSION = 4.0;
				TARGETED_DEVICE_FAMILY = "1,2";
			};
			name = Debug;
		};
		7FA87A7E20207F2200E122F4 /* Release */ = {
			isa = XCBuildConfiguration;
			baseConfigurationReference = 6EDA4ADDBEF4D4773CEC6C4A /* Pods-Wirtualna Uczelnia.release.xcconfig */;
			buildSettings = {
				ASSETCATALOG_COMPILER_APPICON_NAME = AppIcon;
				CODE_SIGN_STYLE = Automatic;
				DEVELOPMENT_TEAM = R2X43E6VD5;
				INFOPLIST_FILE = "Wirtualna Uczelnia/Info.plist";
				LD_RUNPATH_SEARCH_PATHS = "$(inherited) @executable_path/Frameworks";
				PRODUCT_BUNDLE_IDENTIFIER = "karolZmyslowski.Wirtualna-Uczelnia";
				PRODUCT_NAME = "$(TARGET_NAME)";
				SWIFT_VERSION = 4.0;
				TARGETED_DEVICE_FAMILY = "1,2";
			};
			name = Release;
		};
/* End XCBuildConfiguration section */

/* Begin XCConfigurationList section */
		7FA87A6520207F2100E122F4 /* Build configuration list for PBXProject "Wirtualna Uczelnia" */ = {
			isa = XCConfigurationList;
			buildConfigurations = (
				7FA87A7A20207F2200E122F4 /* Debug */,
				7FA87A7B20207F2200E122F4 /* Release */,
			);
			defaultConfigurationIsVisible = 0;
			defaultConfigurationName = Release;
		};
		7FA87A7C20207F2200E122F4 /* Build configuration list for PBXNativeTarget "Wirtualna Uczelnia" */ = {
			isa = XCConfigurationList;
			buildConfigurations = (
				7FA87A7D20207F2200E122F4 /* Debug */,
				7FA87A7E20207F2200E122F4 /* Release */,
			);
			defaultConfigurationIsVisible = 0;
			defaultConfigurationName = Release;
		};
/* End XCConfigurationList section */
	};
	rootObject = 7FA87A6220207F2100E122F4 /* Project object */;
}
